
Microsoft Visual Studio Solution File, Format Version 12.00
# Visual Studio 14
VisualStudioVersion = 14.0.25420.1
MinimumVisualStudioVersion = 10.0.40219.1
Project("{FAE04EC0-301F-11D3-BF4B-00C04F79EFBC}") = "ComparerLibrary", "ComparerLibrary\ComparerLibrary.csproj", "{88C58C51-2353-4448-AE66-B868C77F0999}"
EndProject
Project("{FAE04EC0-301F-11D3-BF4B-00C04F79EFBC}") = "ComparerLibraryTests", "ComparerLibraryTests\ComparerLibraryTests.csproj", "{B016B4A8-74D3-4B8D-AD41-2E839EBC9912}"
EndProject
Global
	GlobalSection(SolutionConfigurationPlatforms) = preSolution
		Debug|Any CPU = Debug|Any CPU
		Release|Any CPU = Release|Any CPU
	EndGlobalSection
	GlobalSection(ProjectConfigurationPlatforms) = postSolution
		{88C58C51-2353-4448-AE66-B868C77F0999}.Debug|Any CPU.ActiveCfg = Debug|Any CPU
		{88C58C51-2353-4448-AE66-B868C77F0999}.Debug|Any CPU.Build.0 = Debug|Any CPU
		{88C58C51-2353-4448-AE66-B868C77F0999}.Release|Any CPU.ActiveCfg = Release|Any CPU
		{88C58C51-2353-4448-AE66-B868C77F0999}.Release|Any CPU.Build.0 = Release|Any CPU
		{B016B4A8-74D3-4B8D-AD41-2E839EBC9912}.Debug|Any CPU.ActiveCfg = Debug|Any CPU
		{B016B4A8-74D3-4B8D-AD41-2E839EBC9912}.Debug|Any CPU.Build.0 = Debug|Any CPU
		{B016B4A8-74D3-4B8D-AD41-2E839EBC9912}.Release|Any CPU.ActiveCfg = Release|Any CPU
		{B016B4A8-74D3-4B8D-AD41-2E839EBC9912}.Release|Any CPU.Build.0 = Release|Any CPU
	EndGlobalSection
	GlobalSection(SolutionProperties) = preSolution
		HideSolutionNode = FALSE
	EndGlobalSection
EndGlobal
